
Microsoft Visual Studio Solution File, Format Version 12.00
# Visual Studio Version 17
VisualStudioVersion = 17.8.34525.116
MinimumVisualStudioVersion = 10.0.40219.1
Project("{FAE04EC0-301F-11D3-BF4B-00C04F79EFBC}") = "Groupsixdis", "Groupsixdis.csproj", "{ECECA551-BFF9-4356-B287-CFF8B975E2DE}"
EndProject
Global
	GlobalSection(SolutionConfigurationPlatforms) = preSolution
		Debug|Any CPU = Debug|Any CPU
		Release|Any CPU = Release|Any CPU
	EndGlobalSection
	GlobalSection(ProjectConfigurationPlatforms) = postSolution
		{ECECA551-BFF9-4356-B287-CFF8B975E2DE}.Debug|Any CPU.ActiveCfg = Debug|Any CPU
		{ECECA551-BFF9-4356-B287-CFF8B975E2DE}.Debug|Any CPU.Build.0 = Debug|Any CPU
		{ECECA551-BFF9-4356-B287-CFF8B975E2DE}.Release|Any CPU.ActiveCfg = Release|Any CPU
		{ECECA551-BFF9-4356-B287-CFF8B975E2DE}.Release|Any CPU.Build.0 = Release|Any CPU
	EndGlobalSection
	GlobalSection(SolutionProperties) = preSolution
		HideSolutionNode = FALSE
	EndGlobalSection
	GlobalSection(ExtensibilityGlobals) = postSolution
		SolutionGuid = {2DBC6EB7-B28D-4804-81D2-401C15E067FC}
	EndGlobalSection
EndGlobal
